
Microsoft Visual Studio Solution File, Format Version 12.00
# Visual Studio 15
VisualStudioVersion = 15.0.28010.2048
MinimumVisualStudioVersion = 10.0.40219.1
Project("{FAE04EC0-301F-11D3-BF4B-00C04F79EFBC}") = "GFFClient", "GFFClient\GFFClient.csproj", "{844B2A62-45B4-48C1-90D3-B8C563365DFD}"
EndProject
Project("{FAE04EC0-301F-11D3-BF4B-00C04F79EFBC}") = "GFFServer", "GFFServer\GFFServer.csproj", "{DAD5C70E-B99D-4AFD-9FC6-B82924C4E452}"
EndProject
Project("{FAE04EC0-301F-11D3-BF4B-00C04F79EFBC}") = "GFF.Helper", "GFF.Helper\GFF.Helper.csproj", "{9293B703-CFED-4072-93ED-65BAC837D1AE}"
EndProject
Project("{FAE04EC0-301F-11D3-BF4B-00C04F79EFBC}") = "GFF.Model", "GFF.Model\GFF.Model.csproj", "{7E4F864A-AC23-49E5-A9DF-FD57BA1C58ED}"
EndProject
Project("{FAE04EC0-301F-11D3-BF4B-00C04F79EFBC}") = "GFF.Component", "GFF.Component\GFF.Component.csproj", "{2771C51E-5E0F-4501-8E58-99AD70027C58}"
EndProject
Global
	GlobalSection(SolutionConfigurationPlatforms) = preSolution
		Debug|Any CPU = Debug|Any CPU
		Release|Any CPU = Release|Any CPU
	EndGlobalSection
	GlobalSection(ProjectConfigurationPlatforms) = postSolution
		{844B2A62-45B4-48C1-90D3-B8C563365DFD}.Debug|Any CPU.ActiveCfg = Debug|Any CPU
		{844B2A62-45B4-48C1-90D3-B8C563365DFD}.Debug|Any CPU.Build.0 = Debug|Any CPU
		{844B2A62-45B4-48C1-90D3-B8C563365DFD}.Release|Any CPU.ActiveCfg = Release|Any CPU
		{844B2A62-45B4-48C1-90D3-B8C563365DFD}.Release|Any CPU.Build.0 = Release|Any CPU
		{DAD5C70E-B99D-4AFD-9FC6-B82924C4E452}.Debug|Any CPU.ActiveCfg = Debug|Any CPU
		{DAD5C70E-B99D-4AFD-9FC6-B82924C4E452}.Debug|Any CPU.Build.0 = Debug|Any CPU
		{DAD5C70E-B99D-4AFD-9FC6-B82924C4E452}.Release|Any CPU.ActiveCfg = Release|Any CPU
		{DAD5C70E-B99D-4AFD-9FC6-B82924C4E452}.Release|Any CPU.Build.0 = Release|Any CPU
		{9293B703-CFED-4072-93ED-65BAC837D1AE}.Debug|Any CPU.ActiveCfg = Debug|Any CPU
		{9293B703-CFED-4072-93ED-65BAC837D1AE}.Debug|Any CPU.Build.0 = Debug|Any CPU
		{9293B703-CFED-4072-93ED-65BAC837D1AE}.Release|Any CPU.ActiveCfg = Release|Any CPU
		{9293B703-CFED-4072-93ED-65BAC837D1AE}.Release|Any CPU.Build.0 = Release|Any CPU
		{7E4F864A-AC23-49E5-A9DF-FD57BA1C58ED}.Debug|Any CPU.ActiveCfg = Debug|Any CPU
		{7E4F864A-AC23-49E5-A9DF-FD57BA1C58ED}.Debug|Any CPU.Build.0 = Debug|Any CPU
		{7E4F864A-AC23-49E5-A9DF-FD57BA1C58ED}.Release|Any CPU.ActiveCfg = Release|Any CPU
		{7E4F864A-AC23-49E5-A9DF-FD57BA1C58ED}.Release|Any CPU.Build.0 = Release|Any CPU
		{2771C51E-5E0F-4501-8E58-99AD70027C58}.Debug|Any CPU.ActiveCfg = Debug|Any CPU
		{2771C51E-5E0F-4501-8E58-99AD70027C58}.Debug|Any CPU.Build.0 = Debug|Any CPU
		{2771C51E-5E0F-4501-8E58-99AD70027C58}.Release|Any CPU.ActiveCfg = Release|Any CPU
		{2771C51E-5E0F-4501-8E58-99AD70027C58}.Release|Any CPU.Build.0 = Release|Any CPU
	EndGlobalSection
	GlobalSection(SolutionProperties) = preSolution
		HideSolutionNode = FALSE
	EndGlobalSection
	GlobalSection(ExtensibilityGlobals) = postSolution
		SolutionGuid = {7D30586C-1CB7-4449-A820-E38BF49BD14C}
	EndGlobalSection
	GlobalSection(SubversionScc) = preSolution
		Svn-Managed = True
		Manager = AnkhSVN - Subversion Support for Visual Studio
	EndGlobalSection
EndGlobal
